<?xml version="1.0" encoding="UTF-8" standalone="yes" ?>
<CodeBlocks_project_file>
	<FileVersion major="1" minor="6" />
	<Project>
		<Option title="rishi" />
		<Option pch_mode="2" />
		<Option compiler="gcc" />
		<Build>
			<Target title="Debug">
				<Option output="bin/Debug/rishi" prefix_auto="1" extension_auto="1" />
				<Option object_output="obj/Debug/" />
				<Option type="1" />
				<Option compiler="gcc" />
				<Compiler>
					<Add option="-g" />
					<Add directory="C:/Program Files/MySQL/MySQL Server 8.0/include" />
				</Compiler>
				<Linker>
					<Add library="C:/Program Files/MySQL/MySQL Server 8.0/lib/libmysql.lib" />
					<Add library="C:/Program Files/MySQL/MySQL Server 8.0/lib/libprotobuf-lite.lib" />
					<Add library="C:/Program Files/MySQL/MySQL Server 8.0/lib/mysqlclient.lib" />
					<Add library="C:/Program Files/MySQL/MySQL Server 8.0/lib/mysqlharness_stdx.lib" />
					<Add library="C:/Program Files/MySQL/MySQL Server 8.0/lib/mysqlharness_tls.lib" />
					<Add library="C:/Program Files/MySQL/MySQL Server 8.0/lib/mysqlrouter_http.lib" />
					<Add library="C:/Program Files/MySQL/MySQL Server 8.0/lib/mysqlrouter_http_auth_backend.lib" />
					<Add library="C:/Program Files/MySQL/MySQL Server 8.0/lib/mysqlrouter_http_auth_realm.lib" />
					<Add library="C:/Program Files/MySQL/MySQL Server 8.0/lib/mysqlrouter_io_component.lib" />
					<Add library="C:/Program Files/MySQL/MySQL Server 8.0/lib/mysqlrouter_lib.lib" />
				</Linker>
			</Target>
			<Target title="Release">
				<Option output="bin/Release/rishi" prefix_auto="1" extension_auto="1" />
				<Option object_output="obj/Release/" />
				<Option type="1" />
				<Option compiler="gcc" />
				<Compiler>
					<Add option="-O2" />
				</Compiler>
				<Linker>
					<Add option="-s" />
				</Linker>
			</Target>
		</Build>
		<Compiler>
			<Add option="-Wall" />
			<Add option="-fexceptions" />
			<Add directory="C:/Program Files/MySQL/MySQL Server 8.0/include" />
		</Compiler>
		<Linker>
			<Add library="C:/Program Files/MySQL/MySQL Server 8.0/lib/libmysql.lib" />
			<Add library="C:/Program Files/MySQL/MySQL Server 8.0/lib/libprotobuf-lite.lib" />
			<Add library="C:/Program Files/MySQL/MySQL Server 8.0/lib/mysqlclient.lib" />
			<Add library="C:/Program Files/MySQL/MySQL Server 8.0/lib/mysqlharness_stdx.lib" />
			<Add library="C:/Program Files/MySQL/MySQL Server 8.0/lib/mysqlharness_tls.lib" />
			<Add library="C:/Program Files/MySQL/MySQL Server 8.0/lib/mysqlrouter_connection_pool.lib" />
			<Add library="C:/Program Files/MySQL/MySQL Server 8.0/lib/mysqlrouter_http.lib" />
			<Add library="C:/Program Files/MySQL/MySQL Server 8.0/lib/mysqlrouter_http_auth_backend.lib" />
			<Add library="C:/Program Files/MySQL/MySQL Server 8.0/lib/mysqlrouter_http_auth_realm.lib" />
			<Add library="C:/Program Files/MySQL/MySQL Server 8.0/lib/mysqlrouter_io_component.lib" />
			<Add library="C:/Program Files/MySQL/MySQL Server 8.0/lib/mysqlrouter_lib.lib" />
			<Add library="C:/Program Files/MySQL/MySQL Server 8.0/lib/mysqlrouter_metadata_cache.lib" />
			<Add library="C:/Program Files/MySQL/MySQL Server 8.0/lib/mysqlrouter_mysqlxmessages.lib" />
			<Add library="C:/Program Files/MySQL/MySQL Server 8.0/lib/mysqlrouter_routing.lib" />
		</Linker>
		<Unit filename="main.cpp" />
		<Extensions>
			<lib_finder disable_auto="1" />
		</Extensions>
	</Project>
</CodeBlocks_project_file>
